<?xml version="1.0" encoding="utf-8"?>
<Project ToolsVersion="4.0" xmlns="http://schemas.microsoft.com/developer/msbuild/2003">
  <ItemGroup>
    <Filter Include="ソース ファイル">
      <UniqueIdentifier>{4FC737F1-C7A5-4376-A066-2A32D752A2FF}</UniqueIdentifier>
      <Extensions>cpp;c;cc;cxx;c++;cppm;ixx;def;odl;idl;hpj;bat;asm;asmx</Extensions>
    </Filter>
    <Filter Include="ヘッダー ファイル">
      <UniqueIdentifier>{93995380-89BD-4b04-88EB-625FBE52EBFB}</UniqueIdentifier>
      <Extensions>h;hh;hpp;hxx;h++;hm;inl;inc;ipp;xsd</Extensions>
    </Filter>
    <Filter Include="リソース ファイル">
      <UniqueIdentifier>{67DA6AB6-F800-4c08-8B7A-83BB121AAD01}</UniqueIdentifier>
      <Extensions>rc;ico;cur;bmp;dlg;rc2;rct;bin;rgs;gif;jpg;jpeg;jpe;resx;tiff;tif;png;wav;mfcribbon-ms</Extensions>
    </Filter>
  </ItemGroup>
  <ItemGroup>
    <ClCompile Include="dllmain.c">
      <Filter>ソース ファイル</Filter>
    </ClCompile>
    <ClCompile Include="device.c">
      <Filter>ソース ファイル</Filter>
    </ClCompile>
    <ClCompile Include="..\softgun\rx\usb_rx.c">
      <Filter>ソース ファイル</Filter>
    </ClCompile>
    <ClCompile Include="..\softgun\cycletimer.c">
      <Filter>ソース ファイル</Filter>
    </ClCompile>
    <ClCompile Include="..\softgun\clock.c">
      <Filter>ソース ファイル</Filter>
    </ClCompile>
    <ClCompile Include="..\softgun\rx\cmt_rx65n.c">
      <Filter>ソース ファイル</Filter>
    </ClCompile>
    <ClCompile Include="..\softgun\devices\serial\null_uart.c">
      <Filter>ソース ファイル</Filter>
    </ClCompile>
    <ClCompile Include="..\softgun\serial.c">
      <Filter>ソース ファイル</Filter>
    </ClCompile>
    <ClCompile Include="..\softgun\rx\sci_rx65n.c">
      <Filter>ソース ファイル</Filter>
    </ClCompile>
    <ClCompile Include="..\softgun\rx\icu_rx65.c">
      <Filter>ソース ファイル</Filter>
    </ClCompile>
    <ClCompile Include="..\softgun\rx\mpc_rx65.c">
      <Filter>ソース ファイル</Filter>
    </ClCompile>
    <ClCompile Include="..\softgun\rx\ioport_rx65n.c">
      <Filter>ソース ファイル</Filter>
    </ClCompile>
    <ClCompile Include="..\softgun\srec.c">
      <Filter>ソース ファイル</Filter>
    </ClCompile>
    <ClCompile Include="..\softgun\xy_tree.c">
      <Filter>ソース ファイル</Filter>
    </ClCompile>
    <ClCompile Include="..\softgun\devices\sdcard\sdhci.c">
      <Filter>ソース ファイル</Filter>
    </ClCompile>
    <ClCompile Include="..\softgun\devices\sdcard\mmcard.c">
      <Filter>ソース ファイル</Filter>
    </ClCompile>
    <ClCompile Include="..\softgun\bus.c">
      <Filter>ソース ファイル</Filter>
    </ClCompile>
    <ClCompile Include="..\softgun\diskimage.c">
      <Filter>ソース ファイル</Filter>
    </ClCompile>
    <ClCompile Include="..\softgun\mmcdev.c">
      <Filter>ソース ファイル</Filter>
    </ClCompile>
    <ClCompile Include="..\softgun\configfile.c">
      <Filter>ソース ファイル</Filter>
    </ClCompile>
    <ClCompile Include="..\softgun\signode.c">
      <Filter>ソース ファイル</Filter>
    </ClCompile>
    <ClCompile Include="..\softgun\devices\sdcard\mmc_crc.c">
      <Filter>ソース ファイル</Filter>
    </ClCompile>
    <ClCompile Include="..\softgun\xy_hash.c">
      <Filter>ソース ファイル</Filter>
    </ClCompile>
    <ClCompile Include="..\softgun\loader.c">
      <Filter>ソース ファイル</Filter>
    </ClCompile>
    <ClCompile Include="..\softgun\sgstring.c">
      <Filter>ソース ファイル</Filter>
    </ClCompile>
    <ClCompile Include="..\softgun\devices\sdcard\sd_spi.c">
      <Filter>ソース ファイル</Filter>
    </ClCompile>
    <ClCompile Include="..\softgun\strhash.c">
      <Filter>ソース ファイル</Filter>
    </ClCompile>
    <ClCompile Include="..\softgun\sglib.c">
      <Filter>ソース ファイル</Filter>
    </ClCompile>
    <ClCompile Include="..\softgun\rx\clk_rx65.c">
      <Filter>ソース ファイル</Filter>
    </ClCompile>
    <ClCompile Include="..\softgun\spidevice.c">
      <Filter>ソース ファイル</Filter>
    </ClCompile>
    <ClCompile Include="..\softgun\usbstdrq.c">
      <Filter>ソース ファイル</Filter>
    </ClCompile>
    <ClCompile Include="..\softgun\ihex.c">
      <Filter>ソース ファイル</Filter>
    </ClCompile>
    <ClCompile Include="..\tinyusb\src\tusb.c">
      <Filter>ソース ファイル</Filter>
    </ClCompile>
    <ClCompile Include="..\tinyusb\examples\device\iot_mouse\src\main.c">
      <Filter>ソース ファイル</Filter>
    </ClCompile>
    <ClCompile Include="..\tinyusb\src\class\cdc\cdc_device.c">
      <Filter>ソース ファイル</Filter>
    </ClCompile>
    <ClCompile Include="..\tinyusb\src\portable\renesas\usba\dcd_usba.c">
      <Filter>ソース ファイル</Filter>
    </ClCompile>
    <ClCompile Include="..\tinyusb\examples\device\iot_mouse\src\usb_descriptors.c">
      <Filter>ソース ファイル</Filter>
    </ClCompile>
    <ClCompile Include="..\tinyusb\src\class\audio\audio_device.c">
      <Filter>ソース ファイル</Filter>
    </ClCompile>
    <ClCompile Include="..\tinyusb\lib\lwip\src\core\ipv6\nd6.c">
      <Filter>ソース ファイル</Filter>
    </ClCompile>
    <ClCompile Include="..\tinyusb\lib\lwip\src\core\ipv6\mld6.c">
      <Filter>ソース ファイル</Filter>
    </ClCompile>
    <ClCompile Include="..\tinyusb\lib\lwip\src\core\ipv6\ip6_frag.c">
      <Filter>ソース ファイル</Filter>
    </ClCompile>
    <ClCompile Include="..\tinyusb\lib\lwip\src\core\ipv6\ip6_addr.c">
      <Filter>ソース ファイル</Filter>
    </ClCompile>
    <ClCompile Include="..\tinyusb\lib\lwip\src\core\ipv6\ip6.c">
      <Filter>ソース ファイル</Filter>
    </ClCompile>
    <ClCompile Include="..\tinyusb\lib\lwip\src\core\ipv6\icmp6.c">
      <Filter>ソース ファイル</Filter>
    </ClCompile>
    <ClCompile Include="..\tinyusb\lib\lwip\src\core\ipv6\inet6.c">
      <Filter>ソース ファイル</Filter>
    </ClCompile>
    <ClCompile Include="..\tinyusb\lib\lwip\src\core\ipv6\ethip6.c">
      <Filter>ソース ファイル</Filter>
    </ClCompile>
    <ClCompile Include="..\tinyusb\lib\lwip\src\core\ipv6\dhcp6.c">
      <Filter>ソース ファイル</Filter>
    </ClCompile>
    <ClCompile Include="..\tinyusb\examples\host\cdc_msc_hid\src\msc_app.c">
      <Filter>ソース ファイル</Filter>
    </ClCompile>
    <ClCompile Include="..\tinyusb\examples\host\cdc_msc_hid\src\hid_app.c">
      <Filter>ソース ファイル</Filter>
    </ClCompile>
    <ClCompile Include="..\tinyusb\examples\host\cdc_msc_hid\src\main.c">
      <Filter>ソース ファイル</Filter>
    </ClCompile>
    <ClCompile Include="..\tinyusb\hw\bsp\rx\boards\gr_rose\gr_rose.c">
      <Filter>ソース ファイル</Filter>
    </ClCompile>
    <ClCompile Include="..\tinyusb\lib\networking\dnserver.c">
      <Filter>ソース ファイル</Filter>
    </ClCompile>
    <ClCompile Include="..\tinyusb\lib\networking\dhserver.c">
      <Filter>ソース ファイル</Filter>
    </ClCompile>
    <ClCompile Include="..\tinyusb\hw\bsp\board.c">
      <Filter>ソース ファイル</Filter>
    </ClCompile>
    <ClCompile Include="..\tinyusb\src\class\msc\msc_device.c">
      <Filter>ソース ファイル</Filter>
    </ClCompile>
    <ClCompile Include="..\tinyusb\src\device\usbd.c">
      <Filter>ソース ファイル</Filter>
    </ClCompile>
    <ClCompile Include="..\tinyusb\src\class\usbtmc\usbtmc_device.c">
      <Filter>ソース ファイル</Filter>
    </ClCompile>
    <ClCompile Include="..\tinyusb\src\class\hid\hid_device.c">
      <Filter>ソース ファイル</Filter>
    </ClCompile>
    <ClCompile Include="..\tinyusb\src\common\tusb_fifo.c">
      <Filter>ソース ファイル</Filter>
    </ClCompile>
    <ClCompile Include="..\tinyusb\src\class\msc\msc_host.c">
      <Filter>ソース ファイル</Filter>
    </ClCompile>
    <ClCompile Include="..\tinyusb\src\class\midi\midi_device.c">
      <Filter>ソース ファイル</Filter>
    </ClCompile>
    <ClCompile Include="..\tinyusb\src\class\hid\hid_host.c">
      <Filter>ソース ファイル</Filter>
    </ClCompile>
    <ClCompile Include="..\tinyusb\src\class\dfu\dfu_device.c">
      <Filter>ソース ファイル</Filter>
    </ClCompile>
    <ClCompile Include="..\tinyusb\src\class\cdc\cdc_host.c">
      <Filter>ソース ファイル</Filter>
    </ClCompile>
    <ClCompile Include="..\tinyusb\src\class\vendor\vendor_device.c">
      <Filter>ソース ファイル</Filter>
    </ClCompile>
    <ClCompile Include="..\tinyusb\src\class\net\ecm_rndis_device.c">
      <Filter>ソース ファイル</Filter>
    </ClCompile>
    <ClCompile Include="..\tinyusb\src\class\net\ncm_device.c">
      <Filter>ソース ファイル</Filter>
    </ClCompile>
    <ClCompile Include="..\tinyusb\examples\device\iot_mouse\src\adns5050.c">
      <Filter>ソース ファイル</Filter>
    </ClCompile>
    <ClCompile Include="..\tinyusb\src\class\vendor\vendor_host.c">
      <Filter>ソース ファイル</Filter>
    </ClCompile>
    <ClCompile Include="..\tinyusb\src\class\cdc\cdc_rndis_host.c">
      <Filter>ソース ファイル</Filter>
    </ClCompile>
    <ClCompile Include="..\tinyusb\lib\networking\rndis_reports.c">
      <Filter>ソース ファイル</Filter>
    </ClCompile>
    <ClCompile Include="..\tinyusb\src\class\dfu\dfu_rt_device.c">
      <Filter>ソース ファイル</Filter>
    </ClCompile>
    <ClCompile Include="..\tinyusb\src\device\usbd_control.c">
      <Filter>ソース ファイル</Filter>
    </ClCompile>
    <ClCompile Include="..\tinyusb\hw\mcu\renesas\rx\rx65n\vects.c">
      <Filter>ソース ファイル</Filter>
    </ClCompile>
    <ClCompile Include="..\tinyusb\lib\lwip\src\core\altcp.c">
      <Filter>ソース ファイル</Filter>
    </ClCompile>
    <ClCompile Include="..\tinyusb\lib\lwip\src\core\altcp_alloc.c">
      <Filter>ソース ファイル</Filter>
    </ClCompile>
    <ClCompile Include="..\tinyusb\lib\lwip\src\core\altcp_tcp.c">
      <Filter>ソース ファイル</Filter>
    </ClCompile>
    <ClCompile Include="..\tinyusb\lib\lwip\src\core\ipv4\autoip.c">
      <Filter>ソース ファイル</Filter>
    </ClCompile>
    <ClCompile Include="..\tinyusb\lib\lwip\src\core\def.c">
      <Filter>ソース ファイル</Filter>
    </ClCompile>
    <ClCompile Include="..\tinyusb\lib\lwip\src\core\ipv4\dhcp.c">
      <Filter>ソース ファイル</Filter>
    </ClCompile>
    <ClCompile Include="..\tinyusb\lib\lwip\src\core\dns.c">
      <Filter>ソース ファイル</Filter>
    </ClCompile>
    <ClCompile Include="..\tinyusb\lib\lwip\src\core\ipv4\etharp.c">
      <Filter>ソース ファイル</Filter>
    </ClCompile>
    <ClCompile Include="..\tinyusb\lib\lwip\src\netif\ethernet.c">
      <Filter>ソース ファイル</Filter>
    </ClCompile>
    <ClCompile Include="..\tinyusb\lib\lwip\src\apps\http\fs.c">
      <Filter>ソース ファイル</Filter>
    </ClCompile>
    <ClCompile Include="..\tinyusb\lib\lwip\src\apps\http\fsdata.c">
      <Filter>ソース ファイル</Filter>
    </ClCompile>
    <ClCompile Include="..\tinyusb\lib\lwip\src\apps\http\httpd.c">
      <Filter>ソース ファイル</Filter>
    </ClCompile>
    <ClCompile Include="..\tinyusb\lib\lwip\src\core\ipv4\icmp.c">
      <Filter>ソース ファイル</Filter>
    </ClCompile>
    <ClCompile Include="..\tinyusb\lib\lwip\src\core\ipv4\igmp.c">
      <Filter>ソース ファイル</Filter>
    </ClCompile>
    <ClCompile Include="..\tinyusb\lib\lwip\src\core\inet_chksum.c">
      <Filter>ソース ファイル</Filter>
    </ClCompile>
    <ClCompile Include="..\tinyusb\lib\lwip\src\core\init.c">
      <Filter>ソース ファイル</Filter>
    </ClCompile>
    <ClCompile Include="..\tinyusb\lib\lwip\src\core\ip.c">
      <Filter>ソース ファイル</Filter>
    </ClCompile>
    <ClCompile Include="..\tinyusb\lib\lwip\src\core\ipv4\ip4.c">
      <Filter>ソース ファイル</Filter>
    </ClCompile>
    <ClCompile Include="..\tinyusb\lib\lwip\src\core\ipv4\ip4_addr.c">
      <Filter>ソース ファイル</Filter>
    </ClCompile>
    <ClCompile Include="..\tinyusb\lib\lwip\src\core\ipv4\ip4_frag.c">
      <Filter>ソース ファイル</Filter>
    </ClCompile>
    <ClCompile Include="..\tinyusb\lib\lwip\src\core\mem.c">
      <Filter>ソース ファイル</Filter>
    </ClCompile>
    <ClCompile Include="..\tinyusb\lib\lwip\src\core\memp.c">
      <Filter>ソース ファイル</Filter>
    </ClCompile>
    <ClCompile Include="..\tinyusb\lib\lwip\src\core\netif.c">
      <Filter>ソース ファイル</Filter>
    </ClCompile>
    <ClCompile Include="..\tinyusb\lib\lwip\src\core\pbuf.c">
      <Filter>ソース ファイル</Filter>
    </ClCompile>
    <ClCompile Include="..\tinyusb\lib\lwip\src\core\raw.c">
      <Filter>ソース ファイル</Filter>
    </ClCompile>
    <ClCompile Include="..\tinyusb\lib\lwip\src\netif\slipif.c">
      <Filter>ソース ファイル</Filter>
    </ClCompile>
    <ClCompile Include="..\tinyusb\lib\lwip\src\core\stats.c">
      <Filter>ソース ファイル</Filter>
    </ClCompile>
    <ClCompile Include="..\tinyusb\lib\lwip\src\core\sys.c">
      <Filter>ソース ファイル</Filter>
    </ClCompile>
    <ClCompile Include="..\tinyusb\lib\lwip\src\core\tcp.c">
      <Filter>ソース ファイル</Filter>
    </ClCompile>
    <ClCompile Include="..\tinyusb\lib\lwip\src\core\tcp_in.c">
      <Filter>ソース ファイル</Filter>
    </ClCompile>
    <ClCompile Include="..\tinyusb\lib\lwip\src\core\tcp_out.c">
      <Filter>ソース ファイル</Filter>
    </ClCompile>
    <ClCompile Include="..\tinyusb\lib\lwip\src\core\timeouts.c">
      <Filter>ソース ファイル</Filter>
    </ClCompile>
    <ClCompile Include="..\tinyusb\lib\lwip\src\core\udp.c">
      <Filter>ソース ファイル</Filter>
    </ClCompile>
  </ItemGroup>
  <ItemGroup>
    <ClInclude Include="..\softgun\cycletimer.h">
      <Filter>ヘッダー ファイル</Filter>
    </ClInclude>
    <ClInclude Include="..\softgun\rx\clk_rx65.h">
      <Filter>ヘッダー ファイル</Filter>
    </ClInclude>
    <ClInclude Include="..\softgun\serial.h">
      <Filter>ヘッダー ファイル</Filter>
    </ClInclude>
    <ClInclude Include="..\softgun\rx\icu_rx65.h">
      <Filter>ヘッダー ファイル</Filter>
    </ClInclude>
    <ClInclude Include="..\softgun\rx\mpc_rx65.h">
      <Filter>ヘッダー ファイル</Filter>
    </ClInclude>
    <ClInclude Include="..\softgun\rx\ioport_rx65n.h">
      <Filter>ヘッダー ファイル</Filter>
    </ClInclude>
    <ClInclude Include="..\softgun\xy_tree.h">
      <Filter>ヘッダー ファイル</Filter>
    </ClInclude>
    <ClInclude Include="..\softgun\byteorder.h">
      <Filter>ヘッダー ファイル</Filter>
    </ClInclude>
    <ClInclude Include="..\softgun\sglib.h">
      <Filter>ヘッダー ファイル</Filter>
    </ClInclude>
    <ClInclude Include="..\softgun\stdinc\libgen.h">
      <Filter>ヘッダー ファイル</Filter>
    </ClInclude>
    <ClInclude Include="..\softgun\diskimage.h">
      <Filter>ヘッダー ファイル</Filter>
    </ClInclude>
    <ClInclude Include="..\softgun\bus.h">
      <Filter>ヘッダー ファイル</Filter>
    </ClInclude>
    <ClInclude Include="..\softgun\stdinc\unistd.h">
      <Filter>ヘッダー ファイル</Filter>
    </ClInclude>
    <ClInclude Include="..\softgun\sgstring.h">
      <Filter>ヘッダー ファイル</Filter>
    </ClInclude>
    <ClInclude Include="..\softgun\mmcproto.h">
      <Filter>ヘッダー ファイル</Filter>
    </ClInclude>
    <ClInclude Include="..\softgun\xy_hash.h">
      <Filter>ヘッダー ファイル</Filter>
    </ClInclude>
    <ClInclude Include="..\softgun\strhash.h">
      <Filter>ヘッダー ファイル</Filter>
    </ClInclude>
    <ClInclude Include="..\softgun\signode.h">
      <Filter>ヘッダー ファイル</Filter>
    </ClInclude>
    <ClInclude Include="..\softgun\sgtypes.h">
      <Filter>ヘッダー ファイル</Filter>
    </ClInclude>
    <ClInclude Include="..\softgun\devices\sdcard\sdhci.h">
      <Filter>ヘッダー ファイル</Filter>
    </ClInclude>
    <ClInclude Include="..\softgun\devices\sdcard\sd_spi.h">
      <Filter>ヘッダー ファイル</Filter>
    </ClInclude>
    <ClInclude Include="..\softgun\devices\sdcard\mmcard.h">
      <Filter>ヘッダー ファイル</Filter>
    </ClInclude>
    <ClInclude Include="..\softgun\devices\sdcard\mmc_crc.h">
      <Filter>ヘッダー ファイル</Filter>
    </ClInclude>
    <ClInclude Include="..\softgun\mmcdev.h">
      <Filter>ヘッダー ファイル</Filter>
    </ClInclude>
    <ClInclude Include="..\softgun\diskimage_file.h">
      <Filter>ヘッダー ファイル</Filter>
    </ClInclude>
    <ClInclude Include="..\softgun\configfile.h">
      <Filter>ヘッダー ファイル</Filter>
    </ClInclude>
    <ClInclude Include="..\softgun\compiler_extensions.h">
      <Filter>ヘッダー ファイル</Filter>
    </ClInclude>
    <ClInclude Include="..\softgun\clock.h">
      <Filter>ヘッダー ファイル</Filter>
    </ClInclude>
    <ClInclude Include="..\softgun\rx\usb_rx.h">
      <Filter>ヘッダー ファイル</Filter>
    </ClInclude>
    <ClInclude Include="..\softgun\rx\cmt_rx65n.h">
      <Filter>ヘッダー ファイル</Filter>
    </ClInclude>
    <ClInclude Include="..\softgun\rx\sci_rx65n.h">
      <Filter>ヘッダー ファイル</Filter>
    </ClInclude>
    <ClInclude Include="..\softgun\spidevice.h">
      <Filter>ヘッダー ファイル</Filter>
    </ClInclude>
    <ClInclude Include="..\softgun\usbproto.h">
      <Filter>ヘッダー ファイル</Filter>
    </ClInclude>
    <ClInclude Include="..\softgun\usbstdrq.h">
      <Filter>ヘッダー ファイル</Filter>
    </ClInclude>
    <ClInclude Include="..\softgun\ihex.h">
      <Filter>ヘッダー ファイル</Filter>
    </ClInclude>
    <ClInclude Include="..\softgun\loader.h">
      <Filter>ヘッダー ファイル</Filter>
    </ClInclude>
    <ClInclude Include="..\softgun\srec.h">
      <Filter>ヘッダー ファイル</Filter>
    </ClInclude>
    <ClInclude Include="..\tinyusb\src\class\hid\hid_device.h">
      <Filter>ヘッダー ファイル</Filter>
    </ClInclude>
    <ClInclude Include="..\tinyusb\examples\device\iot_mouse\src\tusb_config.h">
      <Filter>ヘッダー ファイル</Filter>
    </ClInclude>
    <ClInclude Include="..\tinyusb\hw\mcu\renesas\rx\rx65n\iodefine.h">
      <Filter>ヘッダー ファイル</Filter>
    </ClInclude>
    <ClInclude Include="..\tinyusb\src\common\tusb_compiler.h">
      <Filter>ヘッダー ファイル</Filter>
    </ClInclude>
    <ClInclude Include="..\tinyusb\src\device\dcd_attr.h">
      <Filter>ヘッダー ファイル</Filter>
    </ClInclude>
    <ClInclude Include="..\tinyusb\src\tusb_option.h">
      <Filter>ヘッダー ファイル</Filter>
    </ClInclude>
    <ClInclude Include="..\tinyusb\examples\device\iot_mouse\src\lwipopts.h">
      <Filter>ヘッダー ファイル</Filter>
    </ClInclude>
    <ClInclude Include="..\tinyusb\lib\lwip\src\include\lwip\prot\nd6.h">
      <Filter>ヘッダー ファイル</Filter>
    </ClInclude>
    <ClInclude Include="..\tinyusb\lib\lwip\src\include\lwip\prot\ip6.h">
      <Filter>ヘッダー ファイル</Filter>
    </ClInclude>
    <ClInclude Include="..\tinyusb\lib\lwip\src\include\lwip\ip6_zone.h">
      <Filter>ヘッダー ファイル</Filter>
    </ClInclude>
    <ClInclude Include="..\tinyusb\lib\lwip\src\include\lwip\ethip6.h">
      <Filter>ヘッダー ファイル</Filter>
    </ClInclude>
    <ClInclude Include="..\tinyusb\examples\host\cdc_msc_hid\src\tusb_config.h">
      <Filter>ヘッダー ファイル</Filter>
    </ClInclude>
    <ClInclude Include="..\tinyusb\examples\device\iot_mouse\src\arch\cc.h">
      <Filter>ヘッダー ファイル</Filter>
    </ClInclude>
    <ClInclude Include="..\tinyusb\hw\mcu\renesas\rx\rx65n\interrupt_handlers.h">
      <Filter>ヘッダー ファイル</Filter>
    </ClInclude>
    <ClInclude Include="..\tinyusb\src\tusb.h">
      <Filter>ヘッダー ファイル</Filter>
    </ClInclude>
    <ClInclude Include="..\tinyusb\lib\networking\dnserver.h">
      <Filter>ヘッダー ファイル</Filter>
    </ClInclude>
    <ClInclude Include="..\tinyusb\lib\networking\dhserver.h">
      <Filter>ヘッダー ファイル</Filter>
    </ClInclude>
    <ClInclude Include="..\tinyusb\src\device\usbd.h">
      <Filter>ヘッダー ファイル</Filter>
    </ClInclude>
    <ClInclude Include="..\tinyusb\src\common\tusb_types.h">
      <Filter>ヘッダー ファイル</Filter>
    </ClInclude>
    <ClInclude Include="..\tinyusb\src\common\tusb_common.h">
      <Filter>ヘッダー ファイル</Filter>
    </ClInclude>
    <ClInclude Include="..\tinyusb\src\class\usbtmc\usbtmc_device.h">
      <Filter>ヘッダー ファイル</Filter>
    </ClInclude>
    <ClInclude Include="..\tinyusb\src\osal\osal.h">
      <Filter>ヘッダー ファイル</Filter>
    </ClInclude>
    <ClInclude Include="..\tinyusb\src\device\dcd.h">
      <Filter>ヘッダー ファイル</Filter>
    </ClInclude>
    <ClInclude Include="..\tinyusb\src\class\vendor\vendor_device.h">
      <Filter>ヘッダー ファイル</Filter>
    </ClInclude>
    <ClInclude Include="..\tinyusb\src\class\net\net_device.h">
      <Filter>ヘッダー ファイル</Filter>
    </ClInclude>
    <ClInclude Include="..\tinyusb\src\class\cdc\cdc_device.h">
      <Filter>ヘッダー ファイル</Filter>
    </ClInclude>
    <ClInclude Include="..\tinyusb\src\class\cdc\cdc.h">
      <Filter>ヘッダー ファイル</Filter>
    </ClInclude>
    <ClInclude Include="..\tinyusb\src\class\audio\audio.h">
      <Filter>ヘッダー ファイル</Filter>
    </ClInclude>
    <ClInclude Include="..\tinyusb\src\class\net\ncm.h">
      <Filter>ヘッダー ファイル</Filter>
    </ClInclude>
    <ClInclude Include="..\tinyusb\examples\device\iot_mouse\src\usb_descriptors.h">
      <Filter>ヘッダー ファイル</Filter>
    </ClInclude>
    <ClInclude Include="..\tinyusb\src\device\usbd_pvt.h">
      <Filter>ヘッダー ファイル</Filter>
    </ClInclude>
    <ClInclude Include="..\tinyusb\src\class\hid\hid.h">
      <Filter>ヘッダー ファイル</Filter>
    </ClInclude>
    <ClInclude Include="..\tinyusb\examples\device\iot_mouse\src\adns5050.h">
      <Filter>ヘッダー ファイル</Filter>
    </ClInclude>
    <ClInclude Include="..\tinyusb\src\class\dfu\dfu_rt_device.h">
      <Filter>ヘッダー ファイル</Filter>
    </ClInclude>
    <ClInclude Include="..\tinyusb\src\class\hid\hid_host.h">
      <Filter>ヘッダー ファイル</Filter>
    </ClInclude>
    <ClInclude Include="..\tinyusb\src\class\midi\midi.h">
      <Filter>ヘッダー ファイル</Filter>
    </ClInclude>
    <ClInclude Include="..\tinyusb\src\class\midi\midi_device.h">
      <Filter>ヘッダー ファイル</Filter>
    </ClInclude>
    <ClInclude Include="..\tinyusb\src\class\msc\msc.h">
      <Filter>ヘッダー ファイル</Filter>
    </ClInclude>
    <ClInclude Include="..\tinyusb\src\class\msc\msc_device.h">
      <Filter>ヘッダー ファイル</Filter>
    </ClInclude>
    <ClInclude Include="..\tinyusb\src\class\msc\msc_host.h">
      <Filter>ヘッダー ファイル</Filter>
    </ClInclude>
    <ClInclude Include="..\tinyusb\src\class\usbtmc\usbtmc.h">
      <Filter>ヘッダー ファイル</Filter>
    </ClInclude>
    <ClInclude Include="..\tinyusb\src\class\vendor\vendor_host.h">
      <Filter>ヘッダー ファイル</Filter>
    </ClInclude>
    <ClInclude Include="..\tinyusb\src\class\audio\audio_device.h">
      <Filter>ヘッダー ファイル</Filter>
    </ClInclude>
    <ClInclude Include="..\tinyusb\src\class\cdc\cdc_host.h">
      <Filter>ヘッダー ファイル</Filter>
    </ClInclude>
    <ClInclude Include="..\tinyusb\src\class\cdc\cdc_rndis.h">
      <Filter>ヘッダー ファイル</Filter>
    </ClInclude>
    <ClInclude Include="..\tinyusb\src\class\cdc\cdc_rndis_host.h">
      <Filter>ヘッダー ファイル</Filter>
    </ClInclude>
    <ClInclude Include="..\tinyusb\src\class\dfu\dfu.h">
      <Filter>ヘッダー ファイル</Filter>
    </ClInclude>
    <ClInclude Include="..\tinyusb\src\class\dfu\dfu_device.h">
      <Filter>ヘッダー ファイル</Filter>
    </ClInclude>
    <ClInclude Include="..\tinyusb\lib\networking\ndis.h">
      <Filter>ヘッダー ファイル</Filter>
    </ClInclude>
    <ClInclude Include="..\tinyusb\hw\bsp\ansi_escape.h">
      <Filter>ヘッダー ファイル</Filter>
    </ClInclude>
    <ClInclude Include="..\tinyusb\hw\bsp\board.h">
      <Filter>ヘッダー ファイル</Filter>
    </ClInclude>
    <ClInclude Include="..\tinyusb\src\osal\osal_none.h">
      <Filter>ヘッダー ファイル</Filter>
    </ClInclude>
    <ClInclude Include="..\tinyusb\lib\networking\rndis_protocol.h">
      <Filter>ヘッダー ファイル</Filter>
    </ClInclude>
    <ClInclude Include="..\tinyusb\src\common\tusb_error.h">
      <Filter>ヘッダー ファイル</Filter>
    </ClInclude>
    <ClInclude Include="..\tinyusb\src\common\tusb_fifo.h">
      <Filter>ヘッダー ファイル</Filter>
    </ClInclude>
    <ClInclude Include="..\tinyusb\src\common\tusb_timeout.h">
      <Filter>ヘッダー ファイル</Filter>
    </ClInclude>
    <ClInclude Include="..\tinyusb\src\common\tusb_verify.h">
      <Filter>ヘッダー ファイル</Filter>
    </ClInclude>
    <ClInclude Include="..\tinyusb\lib\lwip\src\include\lwip\altcp.h">
      <Filter>ヘッダー ファイル</Filter>
    </ClInclude>
    <ClInclude Include="..\tinyusb\lib\lwip\src\include\lwip\altcp_tcp.h">
      <Filter>ヘッダー ファイル</Filter>
    </ClInclude>
    <ClInclude Include="..\tinyusb\lib\lwip\src\include\lwip\api.h">
      <Filter>ヘッダー ファイル</Filter>
    </ClInclude>
    <ClInclude Include="..\tinyusb\lib\lwip\src\include\lwip\priv\api_msg.h">
      <Filter>ヘッダー ファイル</Filter>
    </ClInclude>
    <ClInclude Include="..\tinyusb\lib\lwip\src\include\lwip\arch.h">
      <Filter>ヘッダー ファイル</Filter>
    </ClInclude>
    <ClInclude Include="..\tinyusb\lib\lwip\src\include\lwip\autoip.h">
      <Filter>ヘッダー ファイル</Filter>
    </ClInclude>
    <ClInclude Include="..\tinyusb\lib\lwip\src\include\lwip\debug.h">
      <Filter>ヘッダー ファイル</Filter>
    </ClInclude>
    <ClInclude Include="..\tinyusb\lib\lwip\src\include\lwip\def.h">
      <Filter>ヘッダー ファイル</Filter>
    </ClInclude>
    <ClInclude Include="..\tinyusb\lib\lwip\src\include\lwip\dhcp.h">
      <Filter>ヘッダー ファイル</Filter>
    </ClInclude>
    <ClInclude Include="..\tinyusb\lib\lwip\src\include\lwip\dhcp6.h">
      <Filter>ヘッダー ファイル</Filter>
    </ClInclude>
    <ClInclude Include="..\tinyusb\lib\lwip\src\include\lwip\dns.h">
      <Filter>ヘッダー ファイル</Filter>
    </ClInclude>
    <ClInclude Include="..\tinyusb\lib\lwip\src\include\lwip\err.h">
      <Filter>ヘッダー ファイル</Filter>
    </ClInclude>
    <ClInclude Include="..\tinyusb\lib\lwip\src\include\lwip\etharp.h">
      <Filter>ヘッダー ファイル</Filter>
    </ClInclude>
    <ClInclude Include="..\tinyusb\lib\lwip\src\include\lwip\prot\etharp.h">
      <Filter>ヘッダー ファイル</Filter>
    </ClInclude>
    <ClInclude Include="..\tinyusb\lib\lwip\src\include\netif\etharp.h">
      <Filter>ヘッダー ファイル</Filter>
    </ClInclude>
    <ClInclude Include="..\tinyusb\lib\lwip\src\include\lwip\prot\ethernet.h">
      <Filter>ヘッダー ファイル</Filter>
    </ClInclude>
    <ClInclude Include="..\tinyusb\lib\lwip\src\include\netif\ethernet.h">
      <Filter>ヘッダー ファイル</Filter>
    </ClInclude>
    <ClInclude Include="..\tinyusb\lib\lwip\src\include\lwip\apps\fs.h">
      <Filter>ヘッダー ファイル</Filter>
    </ClInclude>
    <ClInclude Include="..\tinyusb\lib\lwip\src\include\lwip\apps\httpd.h">
      <Filter>ヘッダー ファイル</Filter>
    </ClInclude>
    <ClInclude Include="..\tinyusb\lib\lwip\src\include\lwip\apps\httpd_opts.h">
      <Filter>ヘッダー ファイル</Filter>
    </ClInclude>
    <ClInclude Include="..\tinyusb\lib\lwip\src\apps\http\httpd_structs.h">
      <Filter>ヘッダー ファイル</Filter>
    </ClInclude>
    <ClInclude Include="..\tinyusb\lib\lwip\src\include\lwip\prot\iana.h">
      <Filter>ヘッダー ファイル</Filter>
    </ClInclude>
    <ClInclude Include="..\tinyusb\lib\lwip\src\include\lwip\icmp.h">
      <Filter>ヘッダー ファイル</Filter>
    </ClInclude>
    <ClInclude Include="..\tinyusb\lib\lwip\src\include\lwip\prot\icmp.h">
      <Filter>ヘッダー ファイル</Filter>
    </ClInclude>
    <ClInclude Include="..\tinyusb\lib\lwip\src\include\lwip\icmp6.h">
      <Filter>ヘッダー ファイル</Filter>
    </ClInclude>
    <ClInclude Include="..\tinyusb\lib\lwip\src\include\lwip\prot\icmp6.h">
      <Filter>ヘッダー ファイル</Filter>
    </ClInclude>
    <ClInclude Include="..\tinyusb\lib\lwip\src\include\lwip\prot\ieee.h">
      <Filter>ヘッダー ファイル</Filter>
    </ClInclude>
    <ClInclude Include="..\tinyusb\lib\lwip\src\include\lwip\igmp.h">
      <Filter>ヘッダー ファイル</Filter>
    </ClInclude>
    <ClInclude Include="..\tinyusb\lib\lwip\src\include\lwip\inet_chksum.h">
      <Filter>ヘッダー ファイル</Filter>
    </ClInclude>
    <ClInclude Include="..\tinyusb\lib\lwip\src\include\lwip\init.h">
      <Filter>ヘッダー ファイル</Filter>
    </ClInclude>
    <ClInclude Include="..\tinyusb\lib\lwip\src\include\lwip\ip.h">
      <Filter>ヘッダー ファイル</Filter>
    </ClInclude>
    <ClInclude Include="..\tinyusb\lib\lwip\src\include\lwip\prot\ip.h">
      <Filter>ヘッダー ファイル</Filter>
    </ClInclude>
    <ClInclude Include="..\tinyusb\lib\lwip\src\include\lwip\ip_addr.h">
      <Filter>ヘッダー ファイル</Filter>
    </ClInclude>
    <ClInclude Include="..\tinyusb\lib\lwip\src\include\lwip\ip4.h">
      <Filter>ヘッダー ファイル</Filter>
    </ClInclude>
    <ClInclude Include="..\tinyusb\lib\lwip\src\include\lwip\prot\ip4.h">
      <Filter>ヘッダー ファイル</Filter>
    </ClInclude>
    <ClInclude Include="..\tinyusb\lib\lwip\src\include\lwip\ip4_addr.h">
      <Filter>ヘッダー ファイル</Filter>
    </ClInclude>
    <ClInclude Include="..\tinyusb\lib\lwip\src\include\lwip\ip4_frag.h">
      <Filter>ヘッダー ファイル</Filter>
    </ClInclude>
    <ClInclude Include="..\tinyusb\lib\lwip\src\include\lwip\ip6.h">
      <Filter>ヘッダー ファイル</Filter>
    </ClInclude>
    <ClInclude Include="..\tinyusb\lib\lwip\src\include\lwip\ip6_addr.h">
      <Filter>ヘッダー ファイル</Filter>
    </ClInclude>
    <ClInclude Include="..\tinyusb\lib\lwip\src\include\lwip\ip6_frag.h">
      <Filter>ヘッダー ファイル</Filter>
    </ClInclude>
    <ClInclude Include="..\tinyusb\lib\lwip\src\include\lwip\mem.h">
      <Filter>ヘッダー ファイル</Filter>
    </ClInclude>
    <ClInclude Include="..\tinyusb\lib\lwip\src\include\lwip\priv\mem_priv.h">
      <Filter>ヘッダー ファイル</Filter>
    </ClInclude>
    <ClInclude Include="..\tinyusb\lib\lwip\src\include\lwip\memp.h">
      <Filter>ヘッダー ファイル</Filter>
    </ClInclude>
    <ClInclude Include="..\tinyusb\lib\lwip\src\include\lwip\priv\memp_priv.h">
      <Filter>ヘッダー ファイル</Filter>
    </ClInclude>
    <ClInclude Include="..\tinyusb\lib\lwip\src\include\lwip\priv\memp_std.h">
      <Filter>ヘッダー ファイル</Filter>
    </ClInclude>
    <ClInclude Include="..\tinyusb\lib\lwip\src\include\lwip\mld6.h">
      <Filter>ヘッダー ファイル</Filter>
    </ClInclude>
    <ClInclude Include="..\tinyusb\lib\lwip\src\include\lwip\nd6.h">
      <Filter>ヘッダー ファイル</Filter>
    </ClInclude>
    <ClInclude Include="..\tinyusb\lib\lwip\src\include\lwip\priv\nd6_priv.h">
      <Filter>ヘッダー ファイル</Filter>
    </ClInclude>
    <ClInclude Include="..\tinyusb\lib\lwip\src\include\lwip\netbuf.h">
      <Filter>ヘッダー ファイル</Filter>
    </ClInclude>
    <ClInclude Include="..\tinyusb\lib\lwip\src\include\lwip\netdb.h">
      <Filter>ヘッダー ファイル</Filter>
    </ClInclude>
    <ClInclude Include="..\tinyusb\lib\lwip\src\include\lwip\netif.h">
      <Filter>ヘッダー ファイル</Filter>
    </ClInclude>
    <ClInclude Include="..\tinyusb\lib\lwip\src\include\lwip\opt.h">
      <Filter>ヘッダー ファイル</Filter>
    </ClInclude>
    <ClInclude Include="..\tinyusb\lib\lwip\src\include\lwip\pbuf.h">
      <Filter>ヘッダー ファイル</Filter>
    </ClInclude>
    <ClInclude Include="..\tinyusb\lib\lwip\src\include\netif\ppp\ppp_impl.h">
      <Filter>ヘッダー ファイル</Filter>
    </ClInclude>
    <ClInclude Include="..\tinyusb\lib\lwip\src\include\netif\ppp\ppp_opts.h">
      <Filter>ヘッダー ファイル</Filter>
    </ClInclude>
    <ClInclude Include="..\tinyusb\lib\lwip\src\include\lwip\raw.h">
      <Filter>ヘッダー ファイル</Filter>
    </ClInclude>
    <ClInclude Include="..\tinyusb\lib\lwip\src\include\lwip\priv\raw_priv.h">
      <Filter>ヘッダー ファイル</Filter>
    </ClInclude>
    <ClInclude Include="..\tinyusb\lib\lwip\src\include\lwip\sio.h">
      <Filter>ヘッダー ファイル</Filter>
    </ClInclude>
    <ClInclude Include="..\tinyusb\lib\lwip\src\include\netif\slipif.h">
      <Filter>ヘッダー ファイル</Filter>
    </ClInclude>
    <ClInclude Include="..\tinyusb\lib\lwip\src\include\lwip\snmp.h">
      <Filter>ヘッダー ファイル</Filter>
    </ClInclude>
    <ClInclude Include="..\tinyusb\lib\lwip\src\include\lwip\sockets.h">
      <Filter>ヘッダー ファイル</Filter>
    </ClInclude>
    <ClInclude Include="..\tinyusb\lib\lwip\src\include\lwip\priv\sockets_priv.h">
      <Filter>ヘッダー ファイル</Filter>
    </ClInclude>
    <ClInclude Include="..\tinyusb\lib\lwip\src\include\lwip\stats.h">
      <Filter>ヘッダー ファイル</Filter>
    </ClInclude>
    <ClInclude Include="..\tinyusb\lib\lwip\src\include\lwip\sys.h">
      <Filter>ヘッダー ファイル</Filter>
    </ClInclude>
    <ClInclude Include="..\tinyusb\lib\lwip\src\include\lwip\prot\tcp.h">
      <Filter>ヘッダー ファイル</Filter>
    </ClInclude>
    <ClInclude Include="..\tinyusb\lib\lwip\src\include\lwip\tcp.h">
      <Filter>ヘッダー ファイル</Filter>
    </ClInclude>
    <ClInclude Include="..\tinyusb\lib\lwip\src\include\lwip\priv\tcp_priv.h">
      <Filter>ヘッダー ファイル</Filter>
    </ClInclude>
    <ClInclude Include="..\tinyusb\lib\lwip\src\include\lwip\tcpbase.h">
      <Filter>ヘッダー ファイル</Filter>
    </ClInclude>
    <ClInclude Include="..\tinyusb\lib\lwip\src\include\lwip\priv\tcpip_priv.h">
      <Filter>ヘッダー ファイル</Filter>
    </ClInclude>
    <ClInclude Include="..\tinyusb\lib\lwip\src\include\lwip\timeouts.h">
      <Filter>ヘッダー ファイル</Filter>
    </ClInclude>
    <ClInclude Include="..\tinyusb\lib\lwip\src\include\lwip\prot\udp.h">
      <Filter>ヘッダー ファイル</Filter>
    </ClInclude>
    <ClInclude Include="..\tinyusb\lib\lwip\src\include\lwip\udp.h">
      <Filter>ヘッダー ファイル</Filter>
    </ClInclude>
    <ClInclude Include="..\softgun\usbdevice.h">
      <Filter>ヘッダー ファイル</Filter>
    </ClInclude>
    <ClInclude Include="..\..\TinyUSB\TinyUSB\softgun\usbhost.h">
      <Filter>ヘッダー ファイル</Filter>
    </ClInclude>
  </ItemGroup>
</Project>